
Microsoft Visual Studio Solution File, Format Version 12.00
Project("{FAE04EC0-301F-11D3-BF4B-00C04F79EFBC}") = "Heron.MudCalendar", "Heron.MudCalendar\Heron.MudCalendar.csproj", "{BFC05DF8-8FE2-475D-A5CF-E706833EEEA3}"
EndProject
Project("{FAE04EC0-301F-11D3-BF4B-00C04F79EFBC}") = "Heron.MudCalendar.Docs", "Heron.MudCalendar.Docs\Heron.MudCalendar.Docs.csproj", "{B54AC046-A9FA-4901-9B90-87C56B9D1013}"
EndProject
Global
	GlobalSection(SolutionConfigurationPlatforms) = preSolution
		Debug|Any CPU = Debug|Any CPU
		Release|Any CPU = Release|Any CPU
	EndGlobalSection
	GlobalSection(ProjectConfigurationPlatforms) = postSolution
		{BFC05DF8-8FE2-475D-A5CF-E706833EEEA3}.Debug|Any CPU.ActiveCfg = Debug|Any CPU
		{BFC05DF8-8FE2-475D-A5CF-E706833EEEA3}.Debug|Any CPU.Build.0 = Debug|Any CPU
		{BFC05DF8-8FE2-475D-A5CF-E706833EEEA3}.Release|Any CPU.ActiveCfg = Release|Any CPU
		{BFC05DF8-8FE2-475D-A5CF-E706833EEEA3}.Release|Any CPU.Build.0 = Release|Any CPU
		{B54AC046-A9FA-4901-9B90-87C56B9D1013}.Debug|Any CPU.ActiveCfg = Debug|Any CPU
		{B54AC046-A9FA-4901-9B90-87C56B9D1013}.Debug|Any CPU.Build.0 = Debug|Any CPU
		{B54AC046-A9FA-4901-9B90-87C56B9D1013}.Release|Any CPU.ActiveCfg = Release|Any CPU
		{B54AC046-A9FA-4901-9B90-87C56B9D1013}.Release|Any CPU.Build.0 = Release|Any CPU
	EndGlobalSection
EndGlobal
